
Microsoft Visual Studio Solution File, Format Version 12.00
# Visual Studio Version 16
VisualStudioVersion = 16.0.30413.136
MinimumVisualStudioVersion = 10.0.40219.1
Project("{FAE04EC0-301F-11D3-BF4B-00C04F79EFBC}") = "Homework4", "Homework4\Homework4.csproj", "{4891403E-84C1-4852-8C30-6660072CBE9E}"
EndProject
Global
	GlobalSection(SolutionConfigurationPlatforms) = preSolution
		Debug|Any CPU = Debug|Any CPU
		Release|Any CPU = Release|Any CPU
	EndGlobalSection
	GlobalSection(ProjectConfigurationPlatforms) = postSolution
		{4891403E-84C1-4852-8C30-6660072CBE9E}.Debug|Any CPU.ActiveCfg = Debug|Any CPU
		{4891403E-84C1-4852-8C30-6660072CBE9E}.Debug|Any CPU.Build.0 = Debug|Any CPU
		{4891403E-84C1-4852-8C30-6660072CBE9E}.Release|Any CPU.ActiveCfg = Release|Any CPU
		{4891403E-84C1-4852-8C30-6660072CBE9E}.Release|Any CPU.Build.0 = Release|Any CPU
	EndGlobalSection
	GlobalSection(SolutionProperties) = preSolution
		HideSolutionNode = FALSE
	EndGlobalSection
	GlobalSection(ExtensibilityGlobals) = postSolution
		SolutionGuid = {C9667BAB-84F4-42F6-8811-4F0D51EA16AB}
	EndGlobalSection
EndGlobal
