
Microsoft Visual Studio Solution File, Format Version 12.00
# Visual Studio Version 16
VisualStudioVersion = 16.0.30413.136
MinimumVisualStudioVersion = 10.0.40219.1
Project("{FAE04EC0-301F-11D3-BF4B-00C04F79EFBC}") = "NewHomework4", "NewHomework4\NewHomework4.csproj", "{A61E7729-C4D0-4A60-92A9-551BFF1104D1}"
EndProject
Global
	GlobalSection(SolutionConfigurationPlatforms) = preSolution
		Debug|Any CPU = Debug|Any CPU
		Release|Any CPU = Release|Any CPU
	EndGlobalSection
	GlobalSection(ProjectConfigurationPlatforms) = postSolution
		{A61E7729-C4D0-4A60-92A9-551BFF1104D1}.Debug|Any CPU.ActiveCfg = Debug|Any CPU
		{A61E7729-C4D0-4A60-92A9-551BFF1104D1}.Debug|Any CPU.Build.0 = Debug|Any CPU
		{A61E7729-C4D0-4A60-92A9-551BFF1104D1}.Release|Any CPU.ActiveCfg = Release|Any CPU
		{A61E7729-C4D0-4A60-92A9-551BFF1104D1}.Release|Any CPU.Build.0 = Release|Any CPU
	EndGlobalSection
	GlobalSection(SolutionProperties) = preSolution
		HideSolutionNode = FALSE
	EndGlobalSection
	GlobalSection(ExtensibilityGlobals) = postSolution
		SolutionGuid = {6C178EE9-0706-4DC8-960F-7051D10D4790}
	EndGlobalSection
EndGlobal
