
Microsoft Visual Studio Solution File, Format Version 12.00
# Visual Studio Version 16
VisualStudioVersion = 16.0.30413.136
MinimumVisualStudioVersion = 10.0.40219.1
Project("{FAE04EC0-301F-11D3-BF4B-00C04F79EFBC}") = "Homework1 FEB26", "Homework1 FEB26\Homework1 FEB26.csproj", "{9296B745-6AB9-4527-8A68-C79350489979}"
EndProject
Global
	GlobalSection(SolutionConfigurationPlatforms) = preSolution
		Debug|Any CPU = Debug|Any CPU
		Release|Any CPU = Release|Any CPU
	EndGlobalSection
	GlobalSection(ProjectConfigurationPlatforms) = postSolution
		{9296B745-6AB9-4527-8A68-C79350489979}.Debug|Any CPU.ActiveCfg = Debug|Any CPU
		{9296B745-6AB9-4527-8A68-C79350489979}.Debug|Any CPU.Build.0 = Debug|Any CPU
		{9296B745-6AB9-4527-8A68-C79350489979}.Release|Any CPU.ActiveCfg = Release|Any CPU
		{9296B745-6AB9-4527-8A68-C79350489979}.Release|Any CPU.Build.0 = Release|Any CPU
	EndGlobalSection
	GlobalSection(SolutionProperties) = preSolution
		HideSolutionNode = FALSE
	EndGlobalSection
	GlobalSection(ExtensibilityGlobals) = postSolution
		SolutionGuid = {5EBE3956-AACA-448D-82B7-79547D23FC9A}
	EndGlobalSection
EndGlobal
