
Microsoft Visual Studio Solution File, Format Version 12.00
# Visual Studio Version 16
VisualStudioVersion = 16.0.30413.136
MinimumVisualStudioVersion = 10.0.40219.1
Project("{FAE04EC0-301F-11D3-BF4B-00C04F79EFBC}") = "Rolling a Dice", "Rolling a Dice\Rolling a Dice.csproj", "{05F19E06-F412-45E7-ACCC-5E7D46495104}"
EndProject
Global
	GlobalSection(SolutionConfigurationPlatforms) = preSolution
		Debug|Any CPU = Debug|Any CPU
		Release|Any CPU = Release|Any CPU
	EndGlobalSection
	GlobalSection(ProjectConfigurationPlatforms) = postSolution
		{05F19E06-F412-45E7-ACCC-5E7D46495104}.Debug|Any CPU.ActiveCfg = Debug|Any CPU
		{05F19E06-F412-45E7-ACCC-5E7D46495104}.Debug|Any CPU.Build.0 = Debug|Any CPU
		{05F19E06-F412-45E7-ACCC-5E7D46495104}.Release|Any CPU.ActiveCfg = Release|Any CPU
		{05F19E06-F412-45E7-ACCC-5E7D46495104}.Release|Any CPU.Build.0 = Release|Any CPU
	EndGlobalSection
	GlobalSection(SolutionProperties) = preSolution
		HideSolutionNode = FALSE
	EndGlobalSection
	GlobalSection(ExtensibilityGlobals) = postSolution
		SolutionGuid = {59B7CB0B-FE5F-4C0D-A0F5-50FBFA364AAE}
	EndGlobalSection
EndGlobal
